
Microsoft Visual Studio Solution File, Format Version 12.00
# Visual Studio Version 17
VisualStudioVersion = 17.7.34202.233
MinimumVisualStudioVersion = 10.0.40219.1
Project("{9A19103F-16F7-4668-BE54-9A1E7A4F7556}") = "10_Dz_Standart_Interfaces_Enum", "10_Dz_Standart_Interfaces_Enum\10_Dz_Standart_Interfaces_Enum.csproj", "{49EEC4EC-0F09-4799-9A2E-43292D9FEA22}"
EndProject
Project("{9A19103F-16F7-4668-BE54-9A1E7A4F7556}") = "11_Dz_Delegates", "11_Dz_Delegates\11_Dz_Delegates.csproj", "{21299F1F-A99E-4865-9A3C-52A3655533C1}"
EndProject
Project("{9A19103F-16F7-4668-BE54-9A1E7A4F7556}") = "12_1_Dz_Events_Extensions", "12_Dz_Events_Extensions\12_1_Dz_Events_Extensions.csproj", "{5C82DF0E-24D9-4A93-A260-6EA15F99D9DF}"
EndProject
Project("{9A19103F-16F7-4668-BE54-9A1E7A4F7556}") = "12_2_Dz_Event", "12_2_Dz_Event\12_2_Dz_Event.csproj", "{57C9DA55-4837-4198-B040-C4D42F479A3D}"
EndProject
Project("{9A19103F-16F7-4668-BE54-9A1E7A4F7556}") = "13_Dz_Garbage_Collection_Dictionary", "13_Dz_Garbage_Collection_Dictionary\13_Dz_Garbage_Collection_Dictionary.csproj", "{2EC4B7E9-BB33-4061-BA59-2C46E2467F5D}"
EndProject
Project("{FAE04EC0-301F-11D3-BF4B-00C04F79EFBC}") = "01_Dz_Intro_to_Microsoft_NET", "01_Dz_Intro_to_Microsoft_NET\01_Dz_Intro_to_Microsoft_NET.csproj", "{42A39DC8-DEE2-4724-967D-B70DA79F53A9}"
EndProject
Global
	GlobalSection(SolutionConfigurationPlatforms) = preSolution
		Debug|Any CPU = Debug|Any CPU
		Release|Any CPU = Release|Any CPU
	EndGlobalSection
	GlobalSection(ProjectConfigurationPlatforms) = postSolution
		{49EEC4EC-0F09-4799-9A2E-43292D9FEA22}.Debug|Any CPU.ActiveCfg = Debug|Any CPU
		{49EEC4EC-0F09-4799-9A2E-43292D9FEA22}.Debug|Any CPU.Build.0 = Debug|Any CPU
		{49EEC4EC-0F09-4799-9A2E-43292D9FEA22}.Release|Any CPU.ActiveCfg = Release|Any CPU
		{49EEC4EC-0F09-4799-9A2E-43292D9FEA22}.Release|Any CPU.Build.0 = Release|Any CPU
		{21299F1F-A99E-4865-9A3C-52A3655533C1}.Debug|Any CPU.ActiveCfg = Debug|Any CPU
		{21299F1F-A99E-4865-9A3C-52A3655533C1}.Debug|Any CPU.Build.0 = Debug|Any CPU
		{21299F1F-A99E-4865-9A3C-52A3655533C1}.Release|Any CPU.ActiveCfg = Release|Any CPU
		{21299F1F-A99E-4865-9A3C-52A3655533C1}.Release|Any CPU.Build.0 = Release|Any CPU
		{5C82DF0E-24D9-4A93-A260-6EA15F99D9DF}.Debug|Any CPU.ActiveCfg = Debug|Any CPU
		{5C82DF0E-24D9-4A93-A260-6EA15F99D9DF}.Debug|Any CPU.Build.0 = Debug|Any CPU
		{5C82DF0E-24D9-4A93-A260-6EA15F99D9DF}.Release|Any CPU.ActiveCfg = Release|Any CPU
		{5C82DF0E-24D9-4A93-A260-6EA15F99D9DF}.Release|Any CPU.Build.0 = Release|Any CPU
		{57C9DA55-4837-4198-B040-C4D42F479A3D}.Debug|Any CPU.ActiveCfg = Debug|Any CPU
		{57C9DA55-4837-4198-B040-C4D42F479A3D}.Debug|Any CPU.Build.0 = Debug|Any CPU
		{57C9DA55-4837-4198-B040-C4D42F479A3D}.Release|Any CPU.ActiveCfg = Release|Any CPU
		{57C9DA55-4837-4198-B040-C4D42F479A3D}.Release|Any CPU.Build.0 = Release|Any CPU
		{2EC4B7E9-BB33-4061-BA59-2C46E2467F5D}.Debug|Any CPU.ActiveCfg = Debug|Any CPU
		{2EC4B7E9-BB33-4061-BA59-2C46E2467F5D}.Debug|Any CPU.Build.0 = Debug|Any CPU
		{2EC4B7E9-BB33-4061-BA59-2C46E2467F5D}.Release|Any CPU.ActiveCfg = Release|Any CPU
		{2EC4B7E9-BB33-4061-BA59-2C46E2467F5D}.Release|Any CPU.Build.0 = Release|Any CPU
		{42A39DC8-DEE2-4724-967D-B70DA79F53A9}.Debug|Any CPU.ActiveCfg = Debug|Any CPU
		{42A39DC8-DEE2-4724-967D-B70DA79F53A9}.Debug|Any CPU.Build.0 = Debug|Any CPU
		{42A39DC8-DEE2-4724-967D-B70DA79F53A9}.Release|Any CPU.ActiveCfg = Release|Any CPU
		{42A39DC8-DEE2-4724-967D-B70DA79F53A9}.Release|Any CPU.Build.0 = Release|Any CPU
	EndGlobalSection
	GlobalSection(SolutionProperties) = preSolution
		HideSolutionNode = FALSE
	EndGlobalSection
	GlobalSection(ExtensibilityGlobals) = postSolution
		SolutionGuid = {ACD6FD61-2B5D-4A9E-9365-74CB3680825E}
	EndGlobalSection
EndGlobal
