
Microsoft Visual Studio Solution File, Format Version 12.00
# Visual Studio Version 17
VisualStudioVersion = 17.7.34202.233
MinimumVisualStudioVersion = 10.0.40219.1
Project("{9A19103F-16F7-4668-BE54-9A1E7A4F7556}") = "10_Dz_Standart_Interfaces_Enum", "10_Dz_Standart_Interfaces_Enum\10_Dz_Standart_Interfaces_Enum.csproj", "{49EEC4EC-0F09-4799-9A2E-43292D9FEA22}"
EndProject
Project("{9A19103F-16F7-4668-BE54-9A1E7A4F7556}") = "11_Dz_Delegates", "11_Dz_Delegates\11_Dz_Delegates.csproj", "{21299F1F-A99E-4865-9A3C-52A3655533C1}"
EndProject
Project("{9A19103F-16F7-4668-BE54-9A1E7A4F7556}") = "12_1_Dz_Events_Extensions", "12_Dz_Events_Extensions\12_1_Dz_Events_Extensions.csproj", "{5C82DF0E-24D9-4A93-A260-6EA15F99D9DF}"
EndProject
Project("{9A19103F-16F7-4668-BE54-9A1E7A4F7556}") = "12_2_Dz_Event", "12_2_Dz_Event\12_2_Dz_Event.csproj", "{57C9DA55-4837-4198-B040-C4D42F479A3D}"
EndProject
Project("{9A19103F-16F7-4668-BE54-9A1E7A4F7556}") = "13_Dz_Garbage_Collection_Dictionary", "13_Dz_Garbage_Collection_Dictionary\13_Dz_Garbage_Collection_Dictionary.csproj", "{2EC4B7E9-BB33-4061-BA59-2C46E2467F5D}"
EndProject
Project("{9A19103F-16F7-4668-BE54-9A1E7A4F7556}") = "01_Dz_Intro_to_Microsoft_NET", "01_Dz_Intro_to_Microsoft_NET\01_Dz_Intro_to_Microsoft_NET.csproj", "{42A39DC8-DEE2-4724-967D-B70DA79F53A9}"
EndProject
Project("{9A19103F-16F7-4668-BE54-9A1E7A4F7556}") = "02_Dz_Array_Enum", "02_Dz_Array_Enum\02_Dz_Array_Enum.csproj", "{7627AA08-063F-475C-AE3F-7A8DA61C3A36}"
EndProject
Project("{9A19103F-16F7-4668-BE54-9A1E7A4F7556}") = "03_Dz_Strings", "03_Dz_Strings\03_Dz_Strings.csproj", "{1E80AAA7-7A5D-4F10-891B-563CEAE055BE}"
EndProject
Project("{9A19103F-16F7-4668-BE54-9A1E7A4F7556}") = "04_Dz_Intro_to_OOP_Propertie", "04_Dz_Intro_to_OOP_Propertie\04_Dz_Intro_to_OOP_Propertie.csproj", "{F06EF2DB-E20F-49D3-AFDA-B79A4CC79CDD}"
EndProject
Project("{9A19103F-16F7-4668-BE54-9A1E7A4F7556}") = "05_Dz_Classes_Strucrures_Ref_Out", "05_Dz_Classes_Strucrures_Ref_Out\05_Dz_Classes_Strucrures_Ref_Out.csproj", "{1B1A41C1-4B8A-4200-A3D4-4F838FD91138}"
EndProject
Project("{9A19103F-16F7-4668-BE54-9A1E7A4F7556}") = "06_Dz_Exception_Namespace", "06_Dz_Exception_Namespace\06_Dz_Exception_Namespace.csproj", "{D13726CC-B159-4856-ACA1-B559E6B79402}"
EndProject
Project("{9A19103F-16F7-4668-BE54-9A1E7A4F7556}") = "07_Dz_Overloading_Operators", "07_Dz_Overloading_Operators\07_Dz_Overloading_Operators.csproj", "{1DF40C6C-FAB3-4086-8BA3-CCB7612FB5E4}"
EndProject
Project("{9A19103F-16F7-4668-BE54-9A1E7A4F7556}") = "08_Dz_Inheritance_Indexers", "08_Dz_Inheritance_Indexers\08_Dz_Inheritance_Indexers.csproj", "{A32B27D9-5CAE-4625-B754-0879824C6547}"
EndProject
Project("{9A19103F-16F7-4668-BE54-9A1E7A4F7556}") = "09_Dz_Interfaces", "09_Dz_Interfaces\09_Dz_Interfaces.csproj", "{AA83DAE2-09D1-4404-B73D-1DA6E8FEBE9D}"
EndProject
Project("{9A19103F-16F7-4668-BE54-9A1E7A4F7556}") = "14_Dz_Generic_Collections", "14_Dz_Generic_Collections\14_Dz_Generic_Collections.csproj", "{4324ABA1-4E58-4692-ADFD-6A6132EAF528}"
EndProject
Project("{FAE04EC0-301F-11D3-BF4B-00C04F79EFBC}") = "15_Dz_File_Streams_Binary_Text_Formats", "15_Dz_File_Streams_Binary_Text_Formats\15_Dz_File_Streams_Binary_Text_Formats.csproj", "{CBE879B6-698C-4981-B65F-1EBA47180A83}"
EndProject
Global
	GlobalSection(SolutionConfigurationPlatforms) = preSolution
		Debug|Any CPU = Debug|Any CPU
		Release|Any CPU = Release|Any CPU
	EndGlobalSection
	GlobalSection(ProjectConfigurationPlatforms) = postSolution
		{49EEC4EC-0F09-4799-9A2E-43292D9FEA22}.Debug|Any CPU.ActiveCfg = Debug|Any CPU
		{49EEC4EC-0F09-4799-9A2E-43292D9FEA22}.Debug|Any CPU.Build.0 = Debug|Any CPU
		{49EEC4EC-0F09-4799-9A2E-43292D9FEA22}.Release|Any CPU.ActiveCfg = Release|Any CPU
		{49EEC4EC-0F09-4799-9A2E-43292D9FEA22}.Release|Any CPU.Build.0 = Release|Any CPU
		{21299F1F-A99E-4865-9A3C-52A3655533C1}.Debug|Any CPU.ActiveCfg = Debug|Any CPU
		{21299F1F-A99E-4865-9A3C-52A3655533C1}.Debug|Any CPU.Build.0 = Debug|Any CPU
		{21299F1F-A99E-4865-9A3C-52A3655533C1}.Release|Any CPU.ActiveCfg = Release|Any CPU
		{21299F1F-A99E-4865-9A3C-52A3655533C1}.Release|Any CPU.Build.0 = Release|Any CPU
		{5C82DF0E-24D9-4A93-A260-6EA15F99D9DF}.Debug|Any CPU.ActiveCfg = Debug|Any CPU
		{5C82DF0E-24D9-4A93-A260-6EA15F99D9DF}.Debug|Any CPU.Build.0 = Debug|Any CPU
		{5C82DF0E-24D9-4A93-A260-6EA15F99D9DF}.Release|Any CPU.ActiveCfg = Release|Any CPU
		{5C82DF0E-24D9-4A93-A260-6EA15F99D9DF}.Release|Any CPU.Build.0 = Release|Any CPU
		{57C9DA55-4837-4198-B040-C4D42F479A3D}.Debug|Any CPU.ActiveCfg = Debug|Any CPU
		{57C9DA55-4837-4198-B040-C4D42F479A3D}.Debug|Any CPU.Build.0 = Debug|Any CPU
		{57C9DA55-4837-4198-B040-C4D42F479A3D}.Release|Any CPU.ActiveCfg = Release|Any CPU
		{57C9DA55-4837-4198-B040-C4D42F479A3D}.Release|Any CPU.Build.0 = Release|Any CPU
		{2EC4B7E9-BB33-4061-BA59-2C46E2467F5D}.Debug|Any CPU.ActiveCfg = Debug|Any CPU
		{2EC4B7E9-BB33-4061-BA59-2C46E2467F5D}.Debug|Any CPU.Build.0 = Debug|Any CPU
		{2EC4B7E9-BB33-4061-BA59-2C46E2467F5D}.Release|Any CPU.ActiveCfg = Release|Any CPU
		{2EC4B7E9-BB33-4061-BA59-2C46E2467F5D}.Release|Any CPU.Build.0 = Release|Any CPU
		{42A39DC8-DEE2-4724-967D-B70DA79F53A9}.Debug|Any CPU.ActiveCfg = Debug|Any CPU
		{42A39DC8-DEE2-4724-967D-B70DA79F53A9}.Debug|Any CPU.Build.0 = Debug|Any CPU
		{42A39DC8-DEE2-4724-967D-B70DA79F53A9}.Release|Any CPU.ActiveCfg = Release|Any CPU
		{42A39DC8-DEE2-4724-967D-B70DA79F53A9}.Release|Any CPU.Build.0 = Release|Any CPU
		{7627AA08-063F-475C-AE3F-7A8DA61C3A36}.Debug|Any CPU.ActiveCfg = Debug|Any CPU
		{7627AA08-063F-475C-AE3F-7A8DA61C3A36}.Debug|Any CPU.Build.0 = Debug|Any CPU
		{7627AA08-063F-475C-AE3F-7A8DA61C3A36}.Release|Any CPU.ActiveCfg = Release|Any CPU
		{7627AA08-063F-475C-AE3F-7A8DA61C3A36}.Release|Any CPU.Build.0 = Release|Any CPU
		{1E80AAA7-7A5D-4F10-891B-563CEAE055BE}.Debug|Any CPU.ActiveCfg = Debug|Any CPU
		{1E80AAA7-7A5D-4F10-891B-563CEAE055BE}.Debug|Any CPU.Build.0 = Debug|Any CPU
		{1E80AAA7-7A5D-4F10-891B-563CEAE055BE}.Release|Any CPU.ActiveCfg = Release|Any CPU
		{1E80AAA7-7A5D-4F10-891B-563CEAE055BE}.Release|Any CPU.Build.0 = Release|Any CPU
		{F06EF2DB-E20F-49D3-AFDA-B79A4CC79CDD}.Debug|Any CPU.ActiveCfg = Debug|Any CPU
		{F06EF2DB-E20F-49D3-AFDA-B79A4CC79CDD}.Debug|Any CPU.Build.0 = Debug|Any CPU
		{F06EF2DB-E20F-49D3-AFDA-B79A4CC79CDD}.Release|Any CPU.ActiveCfg = Release|Any CPU
		{F06EF2DB-E20F-49D3-AFDA-B79A4CC79CDD}.Release|Any CPU.Build.0 = Release|Any CPU
		{1B1A41C1-4B8A-4200-A3D4-4F838FD91138}.Debug|Any CPU.ActiveCfg = Debug|Any CPU
		{1B1A41C1-4B8A-4200-A3D4-4F838FD91138}.Debug|Any CPU.Build.0 = Debug|Any CPU
		{1B1A41C1-4B8A-4200-A3D4-4F838FD91138}.Release|Any CPU.ActiveCfg = Release|Any CPU
		{1B1A41C1-4B8A-4200-A3D4-4F838FD91138}.Release|Any CPU.Build.0 = Release|Any CPU
		{D13726CC-B159-4856-ACA1-B559E6B79402}.Debug|Any CPU.ActiveCfg = Debug|Any CPU
		{D13726CC-B159-4856-ACA1-B559E6B79402}.Debug|Any CPU.Build.0 = Debug|Any CPU
		{D13726CC-B159-4856-ACA1-B559E6B79402}.Release|Any CPU.ActiveCfg = Release|Any CPU
		{D13726CC-B159-4856-ACA1-B559E6B79402}.Release|Any CPU.Build.0 = Release|Any CPU
		{1DF40C6C-FAB3-4086-8BA3-CCB7612FB5E4}.Debug|Any CPU.ActiveCfg = Debug|Any CPU
		{1DF40C6C-FAB3-4086-8BA3-CCB7612FB5E4}.Debug|Any CPU.Build.0 = Debug|Any CPU
		{1DF40C6C-FAB3-4086-8BA3-CCB7612FB5E4}.Release|Any CPU.ActiveCfg = Release|Any CPU
		{1DF40C6C-FAB3-4086-8BA3-CCB7612FB5E4}.Release|Any CPU.Build.0 = Release|Any CPU
		{A32B27D9-5CAE-4625-B754-0879824C6547}.Debug|Any CPU.ActiveCfg = Debug|Any CPU
		{A32B27D9-5CAE-4625-B754-0879824C6547}.Debug|Any CPU.Build.0 = Debug|Any CPU
		{A32B27D9-5CAE-4625-B754-0879824C6547}.Release|Any CPU.ActiveCfg = Release|Any CPU
		{A32B27D9-5CAE-4625-B754-0879824C6547}.Release|Any CPU.Build.0 = Release|Any CPU
		{AA83DAE2-09D1-4404-B73D-1DA6E8FEBE9D}.Debug|Any CPU.ActiveCfg = Debug|Any CPU
		{AA83DAE2-09D1-4404-B73D-1DA6E8FEBE9D}.Debug|Any CPU.Build.0 = Debug|Any CPU
		{AA83DAE2-09D1-4404-B73D-1DA6E8FEBE9D}.Release|Any CPU.ActiveCfg = Release|Any CPU
		{AA83DAE2-09D1-4404-B73D-1DA6E8FEBE9D}.Release|Any CPU.Build.0 = Release|Any CPU
		{4324ABA1-4E58-4692-ADFD-6A6132EAF528}.Debug|Any CPU.ActiveCfg = Debug|Any CPU
		{4324ABA1-4E58-4692-ADFD-6A6132EAF528}.Debug|Any CPU.Build.0 = Debug|Any CPU
		{4324ABA1-4E58-4692-ADFD-6A6132EAF528}.Release|Any CPU.ActiveCfg = Release|Any CPU
		{4324ABA1-4E58-4692-ADFD-6A6132EAF528}.Release|Any CPU.Build.0 = Release|Any CPU
		{CBE879B6-698C-4981-B65F-1EBA47180A83}.Debug|Any CPU.ActiveCfg = Debug|Any CPU
		{CBE879B6-698C-4981-B65F-1EBA47180A83}.Debug|Any CPU.Build.0 = Debug|Any CPU
		{CBE879B6-698C-4981-B65F-1EBA47180A83}.Release|Any CPU.ActiveCfg = Release|Any CPU
		{CBE879B6-698C-4981-B65F-1EBA47180A83}.Release|Any CPU.Build.0 = Release|Any CPU
	EndGlobalSection
	GlobalSection(SolutionProperties) = preSolution
		HideSolutionNode = FALSE
	EndGlobalSection
	GlobalSection(ExtensibilityGlobals) = postSolution
		SolutionGuid = {ACD6FD61-2B5D-4A9E-9365-74CB3680825E}
	EndGlobalSection
EndGlobal
